
Microsoft Visual Studio Solution File, Format Version 11.00
# Visual Studio 2010
Project("{8BC9CEB8-8B4A-11D0-8D11-00A0C91BC942}") = "Connection", "Connection.vcxproj", "{AAB93EDA-0FAF-9F6B-DE3B-AA052EF5ED69}"
EndProject
Project("{8BC9CEB8-8B4A-11D0-8D11-00A0C91BC942}") = "Cursor", "Cursor.vcxproj", "{70B4512E-182B-6F92-5E42-D1906BE4C01E}"
EndProject
Global
	GlobalSection(SolutionConfigurationPlatforms) = preSolution
		Debug|Win32 = Debug|Win32
		Debug|x64 = Debug|x64
		DebugCLR|Win32 = DebugCLR|Win32
		DebugCLR|x64 = DebugCLR|x64
		Release|Win32 = Release|Win32
		Release|x64 = Release|x64
		ReleaseCLR|Win32 = ReleaseCLR|Win32
		ReleaseCLR|x64 = ReleaseCLR|x64
	EndGlobalSection
	GlobalSection(ProjectConfigurationPlatforms) = postSolution
		{AAB93EDA-0FAF-9F6B-DE3B-AA052EF5ED69}.Debug|Win32.ActiveCfg = Debug|Win32
		{AAB93EDA-0FAF-9F6B-DE3B-AA052EF5ED69}.Debug|Win32.Build.0 = Debug|Win32
		{AAB93EDA-0FAF-9F6B-DE3B-AA052EF5ED69}.Debug|x64.ActiveCfg = Debug|x64
		{AAB93EDA-0FAF-9F6B-DE3B-AA052EF5ED69}.Debug|x64.Build.0 = Debug|x64
		{AAB93EDA-0FAF-9F6B-DE3B-AA052EF5ED69}.DebugCLR|Win32.ActiveCfg = DebugCLR|Win32
		{AAB93EDA-0FAF-9F6B-DE3B-AA052EF5ED69}.DebugCLR|Win32.Build.0 = DebugCLR|Win32
		{AAB93EDA-0FAF-9F6B-DE3B-AA052EF5ED69}.DebugCLR|x64.ActiveCfg = DebugCLR|x64
		{AAB93EDA-0FAF-9F6B-DE3B-AA052EF5ED69}.DebugCLR|x64.Build.0 = DebugCLR|x64
		{AAB93EDA-0FAF-9F6B-DE3B-AA052EF5ED69}.Release|Win32.ActiveCfg = Release|Win32
		{AAB93EDA-0FAF-9F6B-DE3B-AA052EF5ED69}.Release|Win32.Build.0 = Release|Win32
		{AAB93EDA-0FAF-9F6B-DE3B-AA052EF5ED69}.Release|x64.ActiveCfg = Release|x64
		{AAB93EDA-0FAF-9F6B-DE3B-AA052EF5ED69}.Release|x64.Build.0 = Release|x64
		{AAB93EDA-0FAF-9F6B-DE3B-AA052EF5ED69}.ReleaseCLR|Win32.ActiveCfg = ReleaseCLR|Win32
		{AAB93EDA-0FAF-9F6B-DE3B-AA052EF5ED69}.ReleaseCLR|Win32.Build.0 = ReleaseCLR|Win32
		{AAB93EDA-0FAF-9F6B-DE3B-AA052EF5ED69}.ReleaseCLR|x64.ActiveCfg = ReleaseCLR|x64
		{AAB93EDA-0FAF-9F6B-DE3B-AA052EF5ED69}.ReleaseCLR|x64.Build.0 = ReleaseCLR|x64
		{70B4512E-182B-6F92-5E42-D1906BE4C01E}.Debug|Win32.ActiveCfg = Debug|Win32
		{70B4512E-182B-6F92-5E42-D1906BE4C01E}.Debug|Win32.Build.0 = Debug|Win32
		{70B4512E-182B-6F92-5E42-D1906BE4C01E}.Debug|x64.ActiveCfg = Debug|x64
		{70B4512E-182B-6F92-5E42-D1906BE4C01E}.Debug|x64.Build.0 = Debug|x64
		{70B4512E-182B-6F92-5E42-D1906BE4C01E}.DebugCLR|Win32.ActiveCfg = DebugCLR|Win32
		{70B4512E-182B-6F92-5E42-D1906BE4C01E}.DebugCLR|Win32.Build.0 = DebugCLR|Win32
		{70B4512E-182B-6F92-5E42-D1906BE4C01E}.DebugCLR|x64.ActiveCfg = DebugCLR|x64
		{70B4512E-182B-6F92-5E42-D1906BE4C01E}.DebugCLR|x64.Build.0 = DebugCLR|x64
		{70B4512E-182B-6F92-5E42-D1906BE4C01E}.Release|Win32.ActiveCfg = Release|Win32
		{70B4512E-182B-6F92-5E42-D1906BE4C01E}.Release|Win32.Build.0 = Release|Win32
		{70B4512E-182B-6F92-5E42-D1906BE4C01E}.Release|x64.ActiveCfg = Release|x64
		{70B4512E-182B-6F92-5E42-D1906BE4C01E}.Release|x64.Build.0 = Release|x64
		{70B4512E-182B-6F92-5E42-D1906BE4C01E}.ReleaseCLR|Win32.ActiveCfg = ReleaseCLR|Win32
		{70B4512E-182B-6F92-5E42-D1906BE4C01E}.ReleaseCLR|Win32.Build.0 = ReleaseCLR|Win32
		{70B4512E-182B-6F92-5E42-D1906BE4C01E}.ReleaseCLR|x64.ActiveCfg = ReleaseCLR|x64
		{70B4512E-182B-6F92-5E42-D1906BE4C01E}.ReleaseCLR|x64.Build.0 = ReleaseCLR|x64
	EndGlobalSection
	GlobalSection(SolutionProperties) = preSolution
		HideSolutionNode = FALSE
	EndGlobalSection
EndGlobal
