
Microsoft Visual Studio Solution File, Format Version 11.00
# Visual Studio 2010
Project("{54435603-DBB4-11D2-8724-00A0C9A8B90C}") = "setupx64", "setupx64.vdproj", "{4845F08A-F52C-487E-B315-C89D6E5CF304}"
EndProject
Global
	GlobalSection(SolutionConfigurationPlatforms) = preSolution
		Release|Default = Release|Default
	EndGlobalSection
	GlobalSection(ProjectConfigurationPlatforms) = postSolution
		{4845F08A-F52C-487E-B315-C89D6E5CF304}.Release|Default.ActiveCfg = Release
		{4845F08A-F52C-487E-B315-C89D6E5CF304}.Release|Default.Build.0 = Release
	EndGlobalSection
	GlobalSection(SolutionProperties) = preSolution
		HideSolutionNode = FALSE
	EndGlobalSection
EndGlobal
