
Microsoft Visual Studio Solution File, Format Version 11.00
# Visual Studio 2010
Project("{54435603-DBB4-11D2-8724-00A0C9A8B90C}") = "setupx86", "setupx86.vdproj", "{37B95E90-8EB0-4027-8756-3B0D4A9BEBE8}"
EndProject
Global
	GlobalSection(SolutionConfigurationPlatforms) = preSolution
		Debug|Default = Debug|Default
		Release|Default = Release|Default
	EndGlobalSection
	GlobalSection(ProjectConfigurationPlatforms) = postSolution
		{37B95E90-8EB0-4027-8756-3B0D4A9BEBE8}.Debug|Default.ActiveCfg = Debug
		{37B95E90-8EB0-4027-8756-3B0D4A9BEBE8}.Debug|Default.Build.0 = Debug
		{37B95E90-8EB0-4027-8756-3B0D4A9BEBE8}.Release|Default.ActiveCfg = Release
		{37B95E90-8EB0-4027-8756-3B0D4A9BEBE8}.Release|Default.Build.0 = Release
	EndGlobalSection
	GlobalSection(SolutionProperties) = preSolution
		HideSolutionNode = FALSE
	EndGlobalSection
EndGlobal
