
Microsoft Visual Studio Solution File, Format Version 11.00
# Visual Studio 2010
Project("{8BC9CEB8-8B4A-11D0-8D11-00A0C91BC942}") = "libsqlrserver", "libsqlrserver.vcxproj", "{A13C525A-366A-4074-4FA2-25C7AE0EEACA}"
EndProject
Project("{8BC9CEB8-8B4A-11D0-8D11-00A0C91BC942}") = "sqlr-listener", "sqlr-listener.vcxproj", "{14EB5743-B6B6-9364-DFB9-8F3587E7735D}"
EndProject
Project("{8BC9CEB8-8B4A-11D0-8D11-00A0C91BC942}") = "sqlr-connection", "sqlr-connection.vcxproj", "{C258E673-9BAC-1CAE-A880-808F586A80B5}"
EndProject
Project("{8BC9CEB8-8B4A-11D0-8D11-00A0C91BC942}") = "sqlr-scaler", "sqlr-scaler.vcxproj", "{8DEA4247-185B-BFEA-9FBF-BD3456B1E9A9}"
EndProject
Project("{8BC9CEB8-8B4A-11D0-8D11-00A0C91BC942}") = "sqlr-start", "sqlr-start.vcxproj", "{76B88178-4B46-D8B5-38D6-9F12E1B68E99}"
EndProject
Project("{8BC9CEB8-8B4A-11D0-8D11-00A0C91BC942}") = "sqlr-cachemanager", "sqlr-cachemanager.vcxproj", "{F4ADC172-4637-D001-C424-0E4940AA28EF}"
EndProject
Project("{8BC9CEB8-8B4A-11D0-8D11-00A0C91BC942}") = "sqlr-stop", "sqlr-stop.vcxproj", "{E55CCF47-FC5C-97FC-2156-187FEA6AC475}"
EndProject
Global
	GlobalSection(SolutionConfigurationPlatforms) = preSolution
		Debug|Win32 = Debug|Win32
		Debug|x64 = Debug|x64
		DebugCLR|Win32 = DebugCLR|Win32
		DebugCLR|x64 = DebugCLR|x64
		Release|Win32 = Release|Win32
		Release|x64 = Release|x64
		ReleaseCLR|Win32 = ReleaseCLR|Win32
		ReleaseCLR|x64 = ReleaseCLR|x64
	EndGlobalSection
	GlobalSection(ProjectConfigurationPlatforms) = postSolution
		{A13C525A-366A-4074-4FA2-25C7AE0EEACA}.Debug|Win32.ActiveCfg = Debug|Win32
		{A13C525A-366A-4074-4FA2-25C7AE0EEACA}.Debug|Win32.Build.0 = Debug|Win32
		{A13C525A-366A-4074-4FA2-25C7AE0EEACA}.Debug|x64.ActiveCfg = Debug|x64
		{A13C525A-366A-4074-4FA2-25C7AE0EEACA}.Debug|x64.Build.0 = Debug|x64
		{A13C525A-366A-4074-4FA2-25C7AE0EEACA}.DebugCLR|Win32.ActiveCfg = DebugCLR|Win32
		{A13C525A-366A-4074-4FA2-25C7AE0EEACA}.DebugCLR|Win32.Build.0 = DebugCLR|Win32
		{A13C525A-366A-4074-4FA2-25C7AE0EEACA}.DebugCLR|x64.ActiveCfg = DebugCLR|x64
		{A13C525A-366A-4074-4FA2-25C7AE0EEACA}.DebugCLR|x64.Build.0 = DebugCLR|x64
		{A13C525A-366A-4074-4FA2-25C7AE0EEACA}.Release|Win32.ActiveCfg = Release|Win32
		{A13C525A-366A-4074-4FA2-25C7AE0EEACA}.Release|Win32.Build.0 = Release|Win32
		{A13C525A-366A-4074-4FA2-25C7AE0EEACA}.Release|x64.ActiveCfg = Release|x64
		{A13C525A-366A-4074-4FA2-25C7AE0EEACA}.Release|x64.Build.0 = Release|x64
		{A13C525A-366A-4074-4FA2-25C7AE0EEACA}.ReleaseCLR|Win32.ActiveCfg = ReleaseCLR|Win32
		{A13C525A-366A-4074-4FA2-25C7AE0EEACA}.ReleaseCLR|Win32.Build.0 = ReleaseCLR|Win32
		{A13C525A-366A-4074-4FA2-25C7AE0EEACA}.ReleaseCLR|x64.ActiveCfg = ReleaseCLR|x64
		{A13C525A-366A-4074-4FA2-25C7AE0EEACA}.ReleaseCLR|x64.Build.0 = ReleaseCLR|x64
		{14EB5743-B6B6-9364-DFB9-8F3587E7735D}.Debug|Win32.ActiveCfg = Debug|Win32
		{14EB5743-B6B6-9364-DFB9-8F3587E7735D}.Debug|Win32.Build.0 = Debug|Win32
		{14EB5743-B6B6-9364-DFB9-8F3587E7735D}.Debug|x64.ActiveCfg = Debug|x64
		{14EB5743-B6B6-9364-DFB9-8F3587E7735D}.Debug|x64.Build.0 = Debug|x64
		{14EB5743-B6B6-9364-DFB9-8F3587E7735D}.DebugCLR|Win32.ActiveCfg = DebugCLR|Win32
		{14EB5743-B6B6-9364-DFB9-8F3587E7735D}.DebugCLR|Win32.Build.0 = DebugCLR|Win32
		{14EB5743-B6B6-9364-DFB9-8F3587E7735D}.DebugCLR|x64.ActiveCfg = DebugCLR|x64
		{14EB5743-B6B6-9364-DFB9-8F3587E7735D}.DebugCLR|x64.Build.0 = DebugCLR|x64
		{14EB5743-B6B6-9364-DFB9-8F3587E7735D}.Release|Win32.ActiveCfg = Release|Win32
		{14EB5743-B6B6-9364-DFB9-8F3587E7735D}.Release|Win32.Build.0 = Release|Win32
		{14EB5743-B6B6-9364-DFB9-8F3587E7735D}.Release|x64.ActiveCfg = Release|x64
		{14EB5743-B6B6-9364-DFB9-8F3587E7735D}.Release|x64.Build.0 = Release|x64
		{14EB5743-B6B6-9364-DFB9-8F3587E7735D}.ReleaseCLR|Win32.ActiveCfg = ReleaseCLR|Win32
		{14EB5743-B6B6-9364-DFB9-8F3587E7735D}.ReleaseCLR|Win32.Build.0 = ReleaseCLR|Win32
		{14EB5743-B6B6-9364-DFB9-8F3587E7735D}.ReleaseCLR|x64.ActiveCfg = ReleaseCLR|x64
		{14EB5743-B6B6-9364-DFB9-8F3587E7735D}.ReleaseCLR|x64.Build.0 = ReleaseCLR|x64
		{C258E673-9BAC-1CAE-A880-808F586A80B5}.Debug|Win32.ActiveCfg = Debug|Win32
		{C258E673-9BAC-1CAE-A880-808F586A80B5}.Debug|Win32.Build.0 = Debug|Win32
		{C258E673-9BAC-1CAE-A880-808F586A80B5}.Debug|x64.ActiveCfg = Debug|x64
		{C258E673-9BAC-1CAE-A880-808F586A80B5}.Debug|x64.Build.0 = Debug|x64
		{C258E673-9BAC-1CAE-A880-808F586A80B5}.DebugCLR|Win32.ActiveCfg = DebugCLR|Win32
		{C258E673-9BAC-1CAE-A880-808F586A80B5}.DebugCLR|Win32.Build.0 = DebugCLR|Win32
		{C258E673-9BAC-1CAE-A880-808F586A80B5}.DebugCLR|x64.ActiveCfg = DebugCLR|x64
		{C258E673-9BAC-1CAE-A880-808F586A80B5}.DebugCLR|x64.Build.0 = DebugCLR|x64
		{C258E673-9BAC-1CAE-A880-808F586A80B5}.Release|Win32.ActiveCfg = Release|Win32
		{C258E673-9BAC-1CAE-A880-808F586A80B5}.Release|Win32.Build.0 = Release|Win32
		{C258E673-9BAC-1CAE-A880-808F586A80B5}.Release|x64.ActiveCfg = Release|x64
		{C258E673-9BAC-1CAE-A880-808F586A80B5}.Release|x64.Build.0 = Release|x64
		{C258E673-9BAC-1CAE-A880-808F586A80B5}.ReleaseCLR|Win32.ActiveCfg = ReleaseCLR|Win32
		{C258E673-9BAC-1CAE-A880-808F586A80B5}.ReleaseCLR|Win32.Build.0 = ReleaseCLR|Win32
		{C258E673-9BAC-1CAE-A880-808F586A80B5}.ReleaseCLR|x64.ActiveCfg = ReleaseCLR|x64
		{C258E673-9BAC-1CAE-A880-808F586A80B5}.ReleaseCLR|x64.Build.0 = ReleaseCLR|x64
		{8DEA4247-185B-BFEA-9FBF-BD3456B1E9A9}.Debug|Win32.ActiveCfg = Debug|Win32
		{8DEA4247-185B-BFEA-9FBF-BD3456B1E9A9}.Debug|Win32.Build.0 = Debug|Win32
		{8DEA4247-185B-BFEA-9FBF-BD3456B1E9A9}.Debug|x64.ActiveCfg = Debug|x64
		{8DEA4247-185B-BFEA-9FBF-BD3456B1E9A9}.Debug|x64.Build.0 = Debug|x64
		{8DEA4247-185B-BFEA-9FBF-BD3456B1E9A9}.DebugCLR|Win32.ActiveCfg = DebugCLR|Win32
		{8DEA4247-185B-BFEA-9FBF-BD3456B1E9A9}.DebugCLR|Win32.Build.0 = DebugCLR|Win32
		{8DEA4247-185B-BFEA-9FBF-BD3456B1E9A9}.DebugCLR|x64.ActiveCfg = DebugCLR|x64
		{8DEA4247-185B-BFEA-9FBF-BD3456B1E9A9}.DebugCLR|x64.Build.0 = DebugCLR|x64
		{8DEA4247-185B-BFEA-9FBF-BD3456B1E9A9}.Release|Win32.ActiveCfg = Release|Win32
		{8DEA4247-185B-BFEA-9FBF-BD3456B1E9A9}.Release|Win32.Build.0 = Release|Win32
		{8DEA4247-185B-BFEA-9FBF-BD3456B1E9A9}.Release|x64.ActiveCfg = Release|x64
		{8DEA4247-185B-BFEA-9FBF-BD3456B1E9A9}.Release|x64.Build.0 = Release|x64
		{8DEA4247-185B-BFEA-9FBF-BD3456B1E9A9}.ReleaseCLR|Win32.ActiveCfg = ReleaseCLR|Win32
		{8DEA4247-185B-BFEA-9FBF-BD3456B1E9A9}.ReleaseCLR|Win32.Build.0 = ReleaseCLR|Win32
		{8DEA4247-185B-BFEA-9FBF-BD3456B1E9A9}.ReleaseCLR|x64.ActiveCfg = ReleaseCLR|x64
		{8DEA4247-185B-BFEA-9FBF-BD3456B1E9A9}.ReleaseCLR|x64.Build.0 = ReleaseCLR|x64
		{76B88178-4B46-D8B5-38D6-9F12E1B68E99}.Debug|Win32.ActiveCfg = Debug|Win32
		{76B88178-4B46-D8B5-38D6-9F12E1B68E99}.Debug|Win32.Build.0 = Debug|Win32
		{76B88178-4B46-D8B5-38D6-9F12E1B68E99}.Debug|x64.ActiveCfg = Debug|x64
		{76B88178-4B46-D8B5-38D6-9F12E1B68E99}.Debug|x64.Build.0 = Debug|x64
		{76B88178-4B46-D8B5-38D6-9F12E1B68E99}.DebugCLR|Win32.ActiveCfg = DebugCLR|Win32
		{76B88178-4B46-D8B5-38D6-9F12E1B68E99}.DebugCLR|Win32.Build.0 = DebugCLR|Win32
		{76B88178-4B46-D8B5-38D6-9F12E1B68E99}.DebugCLR|x64.ActiveCfg = DebugCLR|x64
		{76B88178-4B46-D8B5-38D6-9F12E1B68E99}.DebugCLR|x64.Build.0 = DebugCLR|x64
		{76B88178-4B46-D8B5-38D6-9F12E1B68E99}.Release|Win32.ActiveCfg = Release|Win32
		{76B88178-4B46-D8B5-38D6-9F12E1B68E99}.Release|Win32.Build.0 = Release|Win32
		{76B88178-4B46-D8B5-38D6-9F12E1B68E99}.Release|x64.ActiveCfg = Release|x64
		{76B88178-4B46-D8B5-38D6-9F12E1B68E99}.Release|x64.Build.0 = Release|x64
		{76B88178-4B46-D8B5-38D6-9F12E1B68E99}.ReleaseCLR|Win32.ActiveCfg = ReleaseCLR|Win32
		{76B88178-4B46-D8B5-38D6-9F12E1B68E99}.ReleaseCLR|Win32.Build.0 = ReleaseCLR|Win32
		{76B88178-4B46-D8B5-38D6-9F12E1B68E99}.ReleaseCLR|x64.ActiveCfg = ReleaseCLR|x64
		{76B88178-4B46-D8B5-38D6-9F12E1B68E99}.ReleaseCLR|x64.Build.0 = ReleaseCLR|x64
		{F4ADC172-4637-D001-C424-0E4940AA28EF}.Debug|Win32.ActiveCfg = Debug|Win32
		{F4ADC172-4637-D001-C424-0E4940AA28EF}.Debug|Win32.Build.0 = Debug|Win32
		{F4ADC172-4637-D001-C424-0E4940AA28EF}.Debug|x64.ActiveCfg = Debug|x64
		{F4ADC172-4637-D001-C424-0E4940AA28EF}.Debug|x64.Build.0 = Debug|x64
		{F4ADC172-4637-D001-C424-0E4940AA28EF}.DebugCLR|Win32.ActiveCfg = DebugCLR|Win32
		{F4ADC172-4637-D001-C424-0E4940AA28EF}.DebugCLR|Win32.Build.0 = DebugCLR|Win32
		{F4ADC172-4637-D001-C424-0E4940AA28EF}.DebugCLR|x64.ActiveCfg = DebugCLR|x64
		{F4ADC172-4637-D001-C424-0E4940AA28EF}.DebugCLR|x64.Build.0 = DebugCLR|x64
		{F4ADC172-4637-D001-C424-0E4940AA28EF}.Release|Win32.ActiveCfg = Release|Win32
		{F4ADC172-4637-D001-C424-0E4940AA28EF}.Release|Win32.Build.0 = Release|Win32
		{F4ADC172-4637-D001-C424-0E4940AA28EF}.Release|x64.ActiveCfg = Release|x64
		{F4ADC172-4637-D001-C424-0E4940AA28EF}.Release|x64.Build.0 = Release|x64
		{F4ADC172-4637-D001-C424-0E4940AA28EF}.ReleaseCLR|Win32.ActiveCfg = ReleaseCLR|Win32
		{F4ADC172-4637-D001-C424-0E4940AA28EF}.ReleaseCLR|Win32.Build.0 = ReleaseCLR|Win32
		{F4ADC172-4637-D001-C424-0E4940AA28EF}.ReleaseCLR|x64.ActiveCfg = ReleaseCLR|x64
		{F4ADC172-4637-D001-C424-0E4940AA28EF}.ReleaseCLR|x64.Build.0 = ReleaseCLR|x64
		{E55CCF47-FC5C-97FC-2156-187FEA6AC475}.Debug|Win32.ActiveCfg = Debug|Win32
		{E55CCF47-FC5C-97FC-2156-187FEA6AC475}.Debug|Win32.Build.0 = Debug|Win32
		{E55CCF47-FC5C-97FC-2156-187FEA6AC475}.Debug|x64.ActiveCfg = Debug|x64
		{E55CCF47-FC5C-97FC-2156-187FEA6AC475}.Debug|x64.Build.0 = Debug|x64
		{E55CCF47-FC5C-97FC-2156-187FEA6AC475}.DebugCLR|Win32.ActiveCfg = DebugCLR|Win32
		{E55CCF47-FC5C-97FC-2156-187FEA6AC475}.DebugCLR|Win32.Build.0 = DebugCLR|Win32
		{E55CCF47-FC5C-97FC-2156-187FEA6AC475}.DebugCLR|x64.ActiveCfg = DebugCLR|x64
		{E55CCF47-FC5C-97FC-2156-187FEA6AC475}.DebugCLR|x64.Build.0 = DebugCLR|x64
		{E55CCF47-FC5C-97FC-2156-187FEA6AC475}.Release|Win32.ActiveCfg = Release|Win32
		{E55CCF47-FC5C-97FC-2156-187FEA6AC475}.Release|Win32.Build.0 = Release|Win32
		{E55CCF47-FC5C-97FC-2156-187FEA6AC475}.Release|x64.ActiveCfg = Release|x64
		{E55CCF47-FC5C-97FC-2156-187FEA6AC475}.Release|x64.Build.0 = Release|x64
		{E55CCF47-FC5C-97FC-2156-187FEA6AC475}.ReleaseCLR|Win32.ActiveCfg = ReleaseCLR|Win32
		{E55CCF47-FC5C-97FC-2156-187FEA6AC475}.ReleaseCLR|Win32.Build.0 = ReleaseCLR|Win32
		{E55CCF47-FC5C-97FC-2156-187FEA6AC475}.ReleaseCLR|x64.ActiveCfg = ReleaseCLR|x64
		{E55CCF47-FC5C-97FC-2156-187FEA6AC475}.ReleaseCLR|x64.Build.0 = ReleaseCLR|x64
	EndGlobalSection
	GlobalSection(SolutionProperties) = preSolution
		HideSolutionNode = FALSE
	EndGlobalSection
EndGlobal
