
Microsoft Visual Studio Solution File, Format Version 11.00
# Visual Studio 2010
Project("{8BC9CEB8-8B4A-11D0-8D11-00A0C91BC942}") = "sqlrsh", "sqlrsh.vcxproj", "{9515777A-253E-E76D-5525-6CB4AF84E5D3}"
EndProject
Project("{8BC9CEB8-8B4A-11D0-8D11-00A0C91BC942}") = "sqlr-export", "sqlr-export.vcxproj", "{D754A59D-9B5D-194B-EBEC-2510900A3D92}"
EndProject
Project("{8BC9CEB8-8B4A-11D0-8D11-00A0C91BC942}") = "sqlr-import", "sqlr-import.vcxproj", "{4D317131-CFFE-FB07-9F75-6D582B5E65CA}"
EndProject
Project("{8BC9CEB8-8B4A-11D0-8D11-00A0C91BC942}") = "sqlr-fields", "sqlr-fields.vcxproj", "{750C1FDF-1E9C-B0B8-0040-78562FFB54C6}"
EndProject
Project("{8BC9CEB8-8B4A-11D0-8D11-00A0C91BC942}") = "sqlr-query", "sqlr-query.vcxproj", "{E64FBEB1-EB87-257F-16F9-2E017F58A50E}"
EndProject
Global
	GlobalSection(SolutionConfigurationPlatforms) = preSolution
		Debug|Win32 = Debug|Win32
		Debug|x64 = Debug|x64
		DebugCLR|Win32 = DebugCLR|Win32
		DebugCLR|x64 = DebugCLR|x64
		Release|Win32 = Release|Win32
		Release|x64 = Release|x64
		ReleaseCLR|Win32 = ReleaseCLR|Win32
		ReleaseCLR|x64 = ReleaseCLR|x64
	EndGlobalSection
	GlobalSection(ProjectConfigurationPlatforms) = postSolution
		{9515777A-253E-E76D-5525-6CB4AF84E5D3}.Debug|Win32.ActiveCfg = Debug|Win32
		{9515777A-253E-E76D-5525-6CB4AF84E5D3}.Debug|Win32.Build.0 = Debug|Win32
		{9515777A-253E-E76D-5525-6CB4AF84E5D3}.Debug|x64.ActiveCfg = Debug|x64
		{9515777A-253E-E76D-5525-6CB4AF84E5D3}.Debug|x64.Build.0 = Debug|x64
		{9515777A-253E-E76D-5525-6CB4AF84E5D3}.DebugCLR|Win32.ActiveCfg = DebugCLR|Win32
		{9515777A-253E-E76D-5525-6CB4AF84E5D3}.DebugCLR|Win32.Build.0 = DebugCLR|Win32
		{9515777A-253E-E76D-5525-6CB4AF84E5D3}.DebugCLR|x64.ActiveCfg = DebugCLR|x64
		{9515777A-253E-E76D-5525-6CB4AF84E5D3}.DebugCLR|x64.Build.0 = DebugCLR|x64
		{9515777A-253E-E76D-5525-6CB4AF84E5D3}.Release|Win32.ActiveCfg = Release|Win32
		{9515777A-253E-E76D-5525-6CB4AF84E5D3}.Release|Win32.Build.0 = Release|Win32
		{9515777A-253E-E76D-5525-6CB4AF84E5D3}.Release|x64.ActiveCfg = Release|x64
		{9515777A-253E-E76D-5525-6CB4AF84E5D3}.Release|x64.Build.0 = Release|x64
		{9515777A-253E-E76D-5525-6CB4AF84E5D3}.ReleaseCLR|Win32.ActiveCfg = ReleaseCLR|Win32
		{9515777A-253E-E76D-5525-6CB4AF84E5D3}.ReleaseCLR|Win32.Build.0 = ReleaseCLR|Win32
		{9515777A-253E-E76D-5525-6CB4AF84E5D3}.ReleaseCLR|x64.ActiveCfg = ReleaseCLR|x64
		{9515777A-253E-E76D-5525-6CB4AF84E5D3}.ReleaseCLR|x64.Build.0 = ReleaseCLR|x64
		{D754A59D-9B5D-194B-EBEC-2510900A3D92}.Debug|Win32.ActiveCfg = Debug|Win32
		{D754A59D-9B5D-194B-EBEC-2510900A3D92}.Debug|Win32.Build.0 = Debug|Win32
		{D754A59D-9B5D-194B-EBEC-2510900A3D92}.Debug|x64.ActiveCfg = Debug|x64
		{D754A59D-9B5D-194B-EBEC-2510900A3D92}.Debug|x64.Build.0 = Debug|x64
		{D754A59D-9B5D-194B-EBEC-2510900A3D92}.DebugCLR|Win32.ActiveCfg = DebugCLR|Win32
		{D754A59D-9B5D-194B-EBEC-2510900A3D92}.DebugCLR|Win32.Build.0 = DebugCLR|Win32
		{D754A59D-9B5D-194B-EBEC-2510900A3D92}.DebugCLR|x64.ActiveCfg = DebugCLR|x64
		{D754A59D-9B5D-194B-EBEC-2510900A3D92}.DebugCLR|x64.Build.0 = DebugCLR|x64
		{D754A59D-9B5D-194B-EBEC-2510900A3D92}.Release|Win32.ActiveCfg = Release|Win32
		{D754A59D-9B5D-194B-EBEC-2510900A3D92}.Release|Win32.Build.0 = Release|Win32
		{D754A59D-9B5D-194B-EBEC-2510900A3D92}.Release|x64.ActiveCfg = Release|x64
		{D754A59D-9B5D-194B-EBEC-2510900A3D92}.Release|x64.Build.0 = Release|x64
		{D754A59D-9B5D-194B-EBEC-2510900A3D92}.ReleaseCLR|Win32.ActiveCfg = ReleaseCLR|Win32
		{D754A59D-9B5D-194B-EBEC-2510900A3D92}.ReleaseCLR|Win32.Build.0 = ReleaseCLR|Win32
		{D754A59D-9B5D-194B-EBEC-2510900A3D92}.ReleaseCLR|x64.ActiveCfg = ReleaseCLR|x64
		{D754A59D-9B5D-194B-EBEC-2510900A3D92}.ReleaseCLR|x64.Build.0 = ReleaseCLR|x64
		{4D317131-CFFE-FB07-9F75-6D582B5E65CA}.Debug|Win32.ActiveCfg = Debug|Win32
		{4D317131-CFFE-FB07-9F75-6D582B5E65CA}.Debug|Win32.Build.0 = Debug|Win32
		{4D317131-CFFE-FB07-9F75-6D582B5E65CA}.Debug|x64.ActiveCfg = Debug|x64
		{4D317131-CFFE-FB07-9F75-6D582B5E65CA}.Debug|x64.Build.0 = Debug|x64
		{4D317131-CFFE-FB07-9F75-6D582B5E65CA}.DebugCLR|Win32.ActiveCfg = DebugCLR|Win32
		{4D317131-CFFE-FB07-9F75-6D582B5E65CA}.DebugCLR|Win32.Build.0 = DebugCLR|Win32
		{4D317131-CFFE-FB07-9F75-6D582B5E65CA}.DebugCLR|x64.ActiveCfg = DebugCLR|x64
		{4D317131-CFFE-FB07-9F75-6D582B5E65CA}.DebugCLR|x64.Build.0 = DebugCLR|x64
		{4D317131-CFFE-FB07-9F75-6D582B5E65CA}.Release|Win32.ActiveCfg = Release|Win32
		{4D317131-CFFE-FB07-9F75-6D582B5E65CA}.Release|Win32.Build.0 = Release|Win32
		{4D317131-CFFE-FB07-9F75-6D582B5E65CA}.Release|x64.ActiveCfg = Release|x64
		{4D317131-CFFE-FB07-9F75-6D582B5E65CA}.Release|x64.Build.0 = Release|x64
		{4D317131-CFFE-FB07-9F75-6D582B5E65CA}.ReleaseCLR|Win32.ActiveCfg = ReleaseCLR|Win32
		{4D317131-CFFE-FB07-9F75-6D582B5E65CA}.ReleaseCLR|Win32.Build.0 = ReleaseCLR|Win32
		{4D317131-CFFE-FB07-9F75-6D582B5E65CA}.ReleaseCLR|x64.ActiveCfg = ReleaseCLR|x64
		{4D317131-CFFE-FB07-9F75-6D582B5E65CA}.ReleaseCLR|x64.Build.0 = ReleaseCLR|x64
		{750C1FDF-1E9C-B0B8-0040-78562FFB54C6}.Debug|Win32.ActiveCfg = Debug|Win32
		{750C1FDF-1E9C-B0B8-0040-78562FFB54C6}.Debug|Win32.Build.0 = Debug|Win32
		{750C1FDF-1E9C-B0B8-0040-78562FFB54C6}.Debug|x64.ActiveCfg = Debug|x64
		{750C1FDF-1E9C-B0B8-0040-78562FFB54C6}.Debug|x64.Build.0 = Debug|x64
		{750C1FDF-1E9C-B0B8-0040-78562FFB54C6}.DebugCLR|Win32.ActiveCfg = DebugCLR|Win32
		{750C1FDF-1E9C-B0B8-0040-78562FFB54C6}.DebugCLR|Win32.Build.0 = DebugCLR|Win32
		{750C1FDF-1E9C-B0B8-0040-78562FFB54C6}.DebugCLR|x64.ActiveCfg = DebugCLR|x64
		{750C1FDF-1E9C-B0B8-0040-78562FFB54C6}.DebugCLR|x64.Build.0 = DebugCLR|x64
		{750C1FDF-1E9C-B0B8-0040-78562FFB54C6}.Release|Win32.ActiveCfg = Release|Win32
		{750C1FDF-1E9C-B0B8-0040-78562FFB54C6}.Release|Win32.Build.0 = Release|Win32
		{750C1FDF-1E9C-B0B8-0040-78562FFB54C6}.Release|x64.ActiveCfg = Release|x64
		{750C1FDF-1E9C-B0B8-0040-78562FFB54C6}.Release|x64.Build.0 = Release|x64
		{750C1FDF-1E9C-B0B8-0040-78562FFB54C6}.ReleaseCLR|Win32.ActiveCfg = ReleaseCLR|Win32
		{750C1FDF-1E9C-B0B8-0040-78562FFB54C6}.ReleaseCLR|Win32.Build.0 = ReleaseCLR|Win32
		{750C1FDF-1E9C-B0B8-0040-78562FFB54C6}.ReleaseCLR|x64.ActiveCfg = ReleaseCLR|x64
		{750C1FDF-1E9C-B0B8-0040-78562FFB54C6}.ReleaseCLR|x64.Build.0 = ReleaseCLR|x64
		{E64FBEB1-EB87-257F-16F9-2E017F58A50E}.Debug|Win32.ActiveCfg = Debug|Win32
		{E64FBEB1-EB87-257F-16F9-2E017F58A50E}.Debug|Win32.Build.0 = Debug|Win32
		{E64FBEB1-EB87-257F-16F9-2E017F58A50E}.Debug|x64.ActiveCfg = Debug|x64
		{E64FBEB1-EB87-257F-16F9-2E017F58A50E}.Debug|x64.Build.0 = Debug|x64
		{E64FBEB1-EB87-257F-16F9-2E017F58A50E}.DebugCLR|Win32.ActiveCfg = DebugCLR|Win32
		{E64FBEB1-EB87-257F-16F9-2E017F58A50E}.DebugCLR|Win32.Build.0 = DebugCLR|Win32
		{E64FBEB1-EB87-257F-16F9-2E017F58A50E}.DebugCLR|x64.ActiveCfg = DebugCLR|x64
		{E64FBEB1-EB87-257F-16F9-2E017F58A50E}.DebugCLR|x64.Build.0 = DebugCLR|x64
		{E64FBEB1-EB87-257F-16F9-2E017F58A50E}.Release|Win32.ActiveCfg = Release|Win32
		{E64FBEB1-EB87-257F-16F9-2E017F58A50E}.Release|Win32.Build.0 = Release|Win32
		{E64FBEB1-EB87-257F-16F9-2E017F58A50E}.Release|x64.ActiveCfg = Release|x64
		{E64FBEB1-EB87-257F-16F9-2E017F58A50E}.Release|x64.Build.0 = Release|x64
		{E64FBEB1-EB87-257F-16F9-2E017F58A50E}.ReleaseCLR|Win32.ActiveCfg = ReleaseCLR|Win32
		{E64FBEB1-EB87-257F-16F9-2E017F58A50E}.ReleaseCLR|Win32.Build.0 = ReleaseCLR|Win32
		{E64FBEB1-EB87-257F-16F9-2E017F58A50E}.ReleaseCLR|x64.ActiveCfg = ReleaseCLR|x64
		{E64FBEB1-EB87-257F-16F9-2E017F58A50E}.ReleaseCLR|x64.Build.0 = ReleaseCLR|x64
	EndGlobalSection
	GlobalSection(SolutionProperties) = preSolution
		HideSolutionNode = FALSE
	EndGlobalSection
EndGlobal
