
Microsoft Visual Studio Solution File, Format Version 11.00
# Visual C++ Express 2010
Project("{8BC9CEB8-8B4A-11D0-8D11-00A0C91BC942}") = "sqlrsh", "sqlrsh.vcxproj", "{2676612A-3159-2DF4-8166-9A91AA7B6344}"
EndProject
Global
	GlobalSection(SolutionConfigurationPlatforms) = preSolution
		Debug|Win32 = Debug|Win32
		Release|Win32 = Release|Win32
	EndGlobalSection
	GlobalSection(ProjectConfigurationPlatforms) = postSolution
		{2676612A-3159-2DF4-8166-9A91AA7B6344}.Debug|Win32.ActiveCfg = Debug|Win32
		{2676612A-3159-2DF4-8166-9A91AA7B6344}.Debug|Win32.Build.0 = Debug|Win32
		{2676612A-3159-2DF4-8166-9A91AA7B6344}.Release|Win32.ActiveCfg = Release|Win32
		{2676612A-3159-2DF4-8166-9A91AA7B6344}.Release|Win32.Build.0 = Release|Win32
	EndGlobalSection
	GlobalSection(SolutionProperties) = preSolution
		HideSolutionNode = FALSE
	EndGlobalSection
EndGlobal
